// !$*UTF8*$!
{
	archiveVersion = 1;
	classes = {
	};
	objectVersion = 55;
	objects = {

/* Begin PBXBuildFile section */
		59859862285B73DD00A51446 /* AppDelegate.swift in Sources */ = {isa = PBXBuildFile; fileRef = 59859861285B73DD00A51446 /* AppDelegate.swift */; };
		59859864285B73DD00A51446 /* SceneDelegate.swift in Sources */ = {isa = PBXBuildFile; fileRef = 59859863285B73DD00A51446 /* SceneDelegate.swift */; };
		59859866285B73DD00A51446 /* MenuViewController.swift in Sources */ = {isa = PBXBuildFile; fileRef = 59859865285B73DD00A51446 /* MenuViewController.swift */; };
		5985986B285B73E200A51446 /* Assets.xcassets in Resources */ = {isa = PBXBuildFile; fileRef = 5985986A285B73E200A51446 /* Assets.xcassets */; };
		5985986E285B73E200A51446 /* LaunchScreen.storyboard in Resources */ = {isa = PBXBuildFile; fileRef = 5985986C285B73E200A51446 /* LaunchScreen.storyboard */; };
		59859876285B747D00A51446 /* MenuEditorPresenter.swift in Sources */ = {isa = PBXBuildFile; fileRef = 59859875285B747D00A51446 /* MenuEditorPresenter.swift */; };
		598598C9285BC90400A51446 /* Roboto-Medium.ttf in Resources */ = {isa = PBXBuildFile; fileRef = 598598B6285BC90400A51446 /* Roboto-Medium.ttf */; };
		598598CA285BC90400A51446 /* Roboto-Light.ttf in Resources */ = {isa = PBXBuildFile; fileRef = 598598B7285BC90400A51446 /* Roboto-Light.ttf */; };
		598598CB285BC90400A51446 /* RobotoCondensed-Bold.ttf in Resources */ = {isa = PBXBuildFile; fileRef = 598598B8285BC90400A51446 /* RobotoCondensed-Bold.ttf */; };
		598598CC285BC90400A51446 /* RobotoCondensed-Light.ttf in Resources */ = {isa = PBXBuildFile; fileRef = 598598B9285BC90400A51446 /* RobotoCondensed-Light.ttf */; };
		598598CD285BC90400A51446 /* Roboto-Regular.ttf in Resources */ = {isa = PBXBuildFile; fileRef = 598598BA285BC90400A51446 /* Roboto-Regular.ttf */; };
		598598CE285BC90400A51446 /* Roboto-MediumItalic.ttf in Resources */ = {isa = PBXBuildFile; fileRef = 598598BB285BC90400A51446 /* Roboto-MediumItalic.ttf */; };
		598598CF285BC90400A51446 /* RobotoCondensed-Italic.ttf in Resources */ = {isa = PBXBuildFile; fileRef = 598598BC285BC90400A51446 /* RobotoCondensed-Italic.ttf */; };
		598598D0285BC90400A51446 /* RobotoCondensed-BoldItalic.ttf in Resources */ = {isa = PBXBuildFile; fileRef = 598598BD285BC90400A51446 /* RobotoCondensed-BoldItalic.ttf */; };
		598598D1285BC90400A51446 /* Apache License.txt in Resources */ = {isa = PBXBuildFile; fileRef = 598598BE285BC90400A51446 /* Apache License.txt */; };
		598598D2285BC90400A51446 /* RobotoCondensed-LightItalic.ttf in Resources */ = {isa = PBXBuildFile; fileRef = 598598BF285BC90400A51446 /* RobotoCondensed-LightItalic.ttf */; };
		598598D3285BC90400A51446 /* Roboto-ThinItalic.ttf in Resources */ = {isa = PBXBuildFile; fileRef = 598598C0285BC90400A51446 /* Roboto-ThinItalic.ttf */; };
		598598D4285BC90400A51446 /* RobotoCondensed-Regular.ttf in Resources */ = {isa = PBXBuildFile; fileRef = 598598C1285BC90400A51446 /* RobotoCondensed-Regular.ttf */; };
		598598D5285BC90400A51446 /* Roboto-BoldItalic.ttf in Resources */ = {isa = PBXBuildFile; fileRef = 598598C2285BC90400A51446 /* Roboto-BoldItalic.ttf */; };
		598598D6285BC90400A51446 /* Roboto-LightItalic.ttf in Resources */ = {isa = PBXBuildFile; fileRef = 598598C3285BC90400A51446 /* Roboto-LightItalic.ttf */; };
		598598D7285BC90400A51446 /* Roboto-Italic.ttf in Resources */ = {isa = PBXBuildFile; fileRef = 598598C4285BC90400A51446 /* Roboto-Italic.ttf */; };
		598598D8285BC90400A51446 /* Roboto-BlackItalic.ttf in Resources */ = {isa = PBXBuildFile; fileRef = 598598C5285BC90400A51446 /* Roboto-BlackItalic.ttf */; };
		598598D9285BC90400A51446 /* Roboto-Bold.ttf in Resources */ = {isa = PBXBuildFile; fileRef = 598598C6285BC90400A51446 /* Roboto-Bold.ttf */; };
		598598DA285BC90400A51446 /* Roboto-Thin.ttf in Resources */ = {isa = PBXBuildFile; fileRef = 598598C7285BC90400A51446 /* Roboto-Thin.ttf */; };
		598598DB285BC90400A51446 /* Roboto-Black.ttf in Resources */ = {isa = PBXBuildFile; fileRef = 598598C8285BC90400A51446 /* Roboto-Black.ttf */; };
		5985A07B285D3CE500779910 /* MenuEditorViewController.swift in Sources */ = {isa = PBXBuildFile; fileRef = 5985A07A285D3CE500779910 /* MenuEditorViewController.swift */; };
		598BDEFF285DB2FC00D1C8C6 /* CustomButtonBuilder.swift in Sources */ = {isa = PBXBuildFile; fileRef = 598BDEFE285DB2FC00D1C8C6 /* CustomButtonBuilder.swift */; };
		598BDF03285E0D0400D1C8C6 /* CustomTextField.swift in Sources */ = {isa = PBXBuildFile; fileRef = 598BDF02285E0D0400D1C8C6 /* CustomTextField.swift */; };
		D062BFF87A0E525951E45E23 /* Pods_RestaurantAPP.framework in Frameworks */ = {isa = PBXBuildFile; fileRef = 369199641C3FDA6BB76ACC8C /* Pods_RestaurantAPP.framework */; };
/* End PBXBuildFile section */

/* Begin PBXFileReference section */
		369199641C3FDA6BB76ACC8C /* Pods_RestaurantAPP.framework */ = {isa = PBXFileReference; explicitFileType = wrapper.framework; includeInIndex = 0; path = Pods_RestaurantAPP.framework; sourceTree = BUILT_PRODUCTS_DIR; };
		5985985E285B73DD00A51446 /* RestaurantAPP.app */ = {isa = PBXFileReference; explicitFileType = wrapper.application; includeInIndex = 0; path = RestaurantAPP.app; sourceTree = BUILT_PRODUCTS_DIR; };
		59859861285B73DD00A51446 /* AppDelegate.swift */ = {isa = PBXFileReference; lastKnownFileType = sourcecode.swift; path = AppDelegate.swift; sourceTree = "<group>"; };
		59859863285B73DD00A51446 /* SceneDelegate.swift */ = {isa = PBXFileReference; lastKnownFileType = sourcecode.swift; path = SceneDelegate.swift; sourceTree = "<group>"; };
		59859865285B73DD00A51446 /* MenuViewController.swift */ = {isa = PBXFileReference; lastKnownFileType = sourcecode.swift; path = MenuViewController.swift; sourceTree = "<group>"; };
		5985986A285B73E200A51446 /* Assets.xcassets */ = {isa = PBXFileReference; lastKnownFileType = folder.assetcatalog; path = Assets.xcassets; sourceTree = "<group>"; };
		5985986D285B73E200A51446 /* Base */ = {isa = PBXFileReference; lastKnownFileType = file.storyboard; name = Base; path = Base.lproj/LaunchScreen.storyboard; sourceTree = "<group>"; };
		5985986F285B73E200A51446 /* Info.plist */ = {isa = PBXFileReference; lastKnownFileType = text.plist.xml; path = Info.plist; sourceTree = "<group>"; };
		59859875285B747D00A51446 /* MenuEditorPresenter.swift */ = {isa = PBXFileReference; lastKnownFileType = sourcecode.swift; path = MenuEditorPresenter.swift; sourceTree = "<group>"; };
		598598B6285BC90400A51446 /* Roboto-Medium.ttf */ = {isa = PBXFileReference; lastKnownFileType = file; path = "Roboto-Medium.ttf"; sourceTree = "<group>"; };
		598598B7285BC90400A51446 /* Roboto-Light.ttf */ = {isa = PBXFileReference; lastKnownFileType = file; path = "Roboto-Light.ttf"; sourceTree = "<group>"; };
		598598B8285BC90400A51446 /* RobotoCondensed-Bold.ttf */ = {isa = PBXFileReference; lastKnownFileType = file; path = "RobotoCondensed-Bold.ttf"; sourceTree = "<group>"; };
		598598B9285BC90400A51446 /* RobotoCondensed-Light.ttf */ = {isa = PBXFileReference; lastKnownFileType = file; path = "RobotoCondensed-Light.ttf"; sourceTree = "<group>"; };
		598598BA285BC90400A51446 /* Roboto-Regular.ttf */ = {isa = PBXFileReference; lastKnownFileType = file; path = "Roboto-Regular.ttf"; sourceTree = "<group>"; };
		598598BB285BC90400A51446 /* Roboto-MediumItalic.ttf */ = {isa = PBXFileReference; lastKnownFileType = file; path = "Roboto-MediumItalic.ttf"; sourceTree = "<group>"; };
		598598BC285BC90400A51446 /* RobotoCondensed-Italic.ttf */ = {isa = PBXFileReference; lastKnownFileType = file; path = "RobotoCondensed-Italic.ttf"; sourceTree = "<group>"; };
		598598BD285BC90400A51446 /* RobotoCondensed-BoldItalic.ttf */ = {isa = PBXFileReference; lastKnownFileType = file; path = "RobotoCondensed-BoldItalic.ttf"; sourceTree = "<group>"; };
		598598BE285BC90400A51446 /* Apache License.txt */ = {isa = PBXFileReference; fileEncoding = 4; lastKnownFileType = text; path = "Apache License.txt"; sourceTree = "<group>"; };
		598598BF285BC90400A51446 /* RobotoCondensed-LightItalic.ttf */ = {isa = PBXFileReference; lastKnownFileType = file; path = "RobotoCondensed-LightItalic.ttf"; sourceTree = "<group>"; };
		598598C0285BC90400A51446 /* Roboto-ThinItalic.ttf */ = {isa = PBXFileReference; lastKnownFileType = file; path = "Roboto-ThinItalic.ttf"; sourceTree = "<group>"; };
		598598C1285BC90400A51446 /* RobotoCondensed-Regular.ttf */ = {isa = PBXFileReference; lastKnownFileType = file; path = "RobotoCondensed-Regular.ttf"; sourceTree = "<group>"; };
		598598C2285BC90400A51446 /* Roboto-BoldItalic.ttf */ = {isa = PBXFileReference; lastKnownFileType = file; path = "Roboto-BoldItalic.ttf"; sourceTree = "<group>"; };
		598598C3285BC90400A51446 /* Roboto-LightItalic.ttf */ = {isa = PBXFileReference; lastKnownFileType = file; path = "Roboto-LightItalic.ttf"; sourceTree = "<group>"; };
		598598C4285BC90400A51446 /* Roboto-Italic.ttf */ = {isa = PBXFileReference; lastKnownFileType = file; path = "Roboto-Italic.ttf"; sourceTree = "<group>"; };
		598598C5285BC90400A51446 /* Roboto-BlackItalic.ttf */ = {isa = PBXFileReference; lastKnownFileType = file; path = "Roboto-BlackItalic.ttf"; sourceTree = "<group>"; };
		598598C6285BC90400A51446 /* Roboto-Bold.ttf */ = {isa = PBXFileReference; lastKnownFileType = file; path = "Roboto-Bold.ttf"; sourceTree = "<group>"; };
		598598C7285BC90400A51446 /* Roboto-Thin.ttf */ = {isa = PBXFileReference; lastKnownFileType = file; path = "Roboto-Thin.ttf"; sourceTree = "<group>"; };
		598598C8285BC90400A51446 /* Roboto-Black.ttf */ = {isa = PBXFileReference; lastKnownFileType = file; path = "Roboto-Black.ttf"; sourceTree = "<group>"; };
		5985A07A285D3CE500779910 /* MenuEditorViewController.swift */ = {isa = PBXFileReference; lastKnownFileType = sourcecode.swift; path = MenuEditorViewController.swift; sourceTree = "<group>"; };
		598BDEFE285DB2FC00D1C8C6 /* CustomButtonBuilder.swift */ = {isa = PBXFileReference; lastKnownFileType = sourcecode.swift; path = CustomButtonBuilder.swift; sourceTree = "<group>"; };
		598BDF02285E0D0400D1C8C6 /* CustomTextField.swift */ = {isa = PBXFileReference; lastKnownFileType = sourcecode.swift; path = CustomTextField.swift; sourceTree = "<group>"; };
		8FBCFD4B687A52750A9304FC /* Pods-RestaurantAPP.debug.xcconfig */ = {isa = PBXFileReference; includeInIndex = 1; lastKnownFileType = text.xcconfig; name = "Pods-RestaurantAPP.debug.xcconfig"; path = "Target Support Files/Pods-RestaurantAPP/Pods-RestaurantAPP.debug.xcconfig"; sourceTree = "<group>"; };
		FB686FE6299807F04D40FF26 /* Pods-RestaurantAPP.release.xcconfig */ = {isa = PBXFileReference; includeInIndex = 1; lastKnownFileType = text.xcconfig; name = "Pods-RestaurantAPP.release.xcconfig"; path = "Target Support Files/Pods-RestaurantAPP/Pods-RestaurantAPP.release.xcconfig"; sourceTree = "<group>"; };
/* End PBXFileReference section */

/* Begin PBXFrameworksBuildPhase section */
		5985985B285B73DD00A51446 /* Frameworks */ = {
			isa = PBXFrameworksBuildPhase;
			buildActionMask = 2147483647;
			files = (
				D062BFF87A0E525951E45E23 /* Pods_RestaurantAPP.framework in Frameworks */,
			);
			runOnlyForDeploymentPostprocessing = 0;
		};
/* End PBXFrameworksBuildPhase section */

/* Begin PBXGroup section */
		59859855285B73DD00A51446 = {
			isa = PBXGroup;
			children = (
				59859860285B73DD00A51446 /* RestaurantAPP */,
				5985985F285B73DD00A51446 /* Products */,
				958437233D9C33E3D7CACE82 /* Pods */,
				DCAE36BD8087A3DDE333985B /* Frameworks */,
			);
			sourceTree = "<group>";
		};
		5985985F285B73DD00A51446 /* Products */ = {
			isa = PBXGroup;
			children = (
				5985985E285B73DD00A51446 /* RestaurantAPP.app */,
			);
			name = Products;
			sourceTree = "<group>";
		};
		59859860285B73DD00A51446 /* RestaurantAPP */ = {
			isa = PBXGroup;
			children = (
				59859861285B73DD00A51446 /* AppDelegate.swift */,
				59859863285B73DD00A51446 /* SceneDelegate.swift */,
				59859877285B748B00A51446 /* MenuEditorModule */,
				5985986A285B73E200A51446 /* Assets.xcassets */,
				5985986C285B73E200A51446 /* LaunchScreen.storyboard */,
				5985986F285B73E200A51446 /* Info.plist */,
				598598B4285BC8E100A51446 /* Fonts */,
			);
			path = RestaurantAPP;
			sourceTree = "<group>";
		};
		59859877285B748B00A51446 /* MenuEditorModule */ = {
			isa = PBXGroup;
			children = (
				59859878285B74D100A51446 /* Model */,
				59859879285B74D800A51446 /* View */,
				5985987A285B74DD00A51446 /* Presenter */,
			);
			path = MenuEditorModule;
			sourceTree = "<group>";
		};
		59859878285B74D100A51446 /* Model */ = {
			isa = PBXGroup;
			children = (
			);
			path = Model;
			sourceTree = "<group>";
		};
		59859879285B74D800A51446 /* View */ = {
			isa = PBXGroup;
			children = (
				59859865285B73DD00A51446 /* MenuViewController.swift */,
				5985A07A285D3CE500779910 /* MenuEditorViewController.swift */,
				598BDF02285E0D0400D1C8C6 /* CustomTextField.swift */,
				598BDEFE285DB2FC00D1C8C6 /* CustomButtonBuilder.swift */,
			);
			path = View;
			sourceTree = "<group>";
		};
		5985987A285B74DD00A51446 /* Presenter */ = {
			isa = PBXGroup;
			children = (
				59859875285B747D00A51446 /* MenuEditorPresenter.swift */,
			);
			path = Presenter;
			sourceTree = "<group>";
		};
		598598B4285BC8E100A51446 /* Fonts */ = {
			isa = PBXGroup;
			children = (
				598598B5285BC90400A51446 /* roboto */,
			);
			path = Fonts;
			sourceTree = "<group>";
		};
		598598B5285BC90400A51446 /* roboto */ = {
			isa = PBXGroup;
			children = (
				598598B6285BC90400A51446 /* Roboto-Medium.ttf */,
				598598B7285BC90400A51446 /* Roboto-Light.ttf */,
				598598B8285BC90400A51446 /* RobotoCondensed-Bold.ttf */,
				598598B9285BC90400A51446 /* RobotoCondensed-Light.ttf */,
				598598BA285BC90400A51446 /* Roboto-Regular.ttf */,
				598598BB285BC90400A51446 /* Roboto-MediumItalic.ttf */,
				598598BC285BC90400A51446 /* RobotoCondensed-Italic.ttf */,
				598598BD285BC90400A51446 /* RobotoCondensed-BoldItalic.ttf */,
				598598BE285BC90400A51446 /* Apache License.txt */,
				598598BF285BC90400A51446 /* RobotoCondensed-LightItalic.ttf */,
				598598C0285BC90400A51446 /* Roboto-ThinItalic.ttf */,
				598598C1285BC90400A51446 /* RobotoCondensed-Regular.ttf */,
				598598C2285BC90400A51446 /* Roboto-BoldItalic.ttf */,
				598598C3285BC90400A51446 /* Roboto-LightItalic.ttf */,
				598598C4285BC90400A51446 /* Roboto-Italic.ttf */,
				598598C5285BC90400A51446 /* Roboto-BlackItalic.ttf */,
				598598C6285BC90400A51446 /* Roboto-Bold.ttf */,
				598598C7285BC90400A51446 /* Roboto-Thin.ttf */,
				598598C8285BC90400A51446 /* Roboto-Black.ttf */,
			);
			name = roboto;
			path = Fonts/roboto;
			sourceTree = SOURCE_ROOT;
		};
		958437233D9C33E3D7CACE82 /* Pods */ = {
			isa = PBXGroup;
			children = (
				8FBCFD4B687A52750A9304FC /* Pods-RestaurantAPP.debug.xcconfig */,
				FB686FE6299807F04D40FF26 /* Pods-RestaurantAPP.release.xcconfig */,
			);
			path = Pods;
			sourceTree = "<group>";
		};
		DCAE36BD8087A3DDE333985B /* Frameworks */ = {
			isa = PBXGroup;
			children = (
				369199641C3FDA6BB76ACC8C /* Pods_RestaurantAPP.framework */,
			);
			name = Frameworks;
			sourceTree = "<group>";
		};
/* End PBXGroup section */

/* Begin PBXNativeTarget section */
		5985985D285B73DD00A51446 /* RestaurantAPP */ = {
			isa = PBXNativeTarget;
			buildConfigurationList = 59859872285B73E200A51446 /* Build configuration list for PBXNativeTarget "RestaurantAPP" */;
			buildPhases = (
				BBBB1AABF91D29FEBFD40ACB /* [CP] Check Pods Manifest.lock */,
				5985985A285B73DD00A51446 /* Sources */,
				5985985B285B73DD00A51446 /* Frameworks */,
				5985985C285B73DD00A51446 /* Resources */,
				78551956878B8065F7C4DEA0 /* [CP] Embed Pods Frameworks */,
			);
			buildRules = (
			);
			dependencies = (
			);
			name = RestaurantAPP;
			productName = RestaurantAPP;
			productReference = 5985985E285B73DD00A51446 /* RestaurantAPP.app */;
			productType = "com.apple.product-type.application";
		};
/* End PBXNativeTarget section */

/* Begin PBXProject section */
		59859856285B73DD00A51446 /* Project object */ = {
			isa = PBXProject;
			attributes = {
				BuildIndependentTargetsInParallel = 1;
				LastSwiftUpdateCheck = 1330;
				LastUpgradeCheck = 1330;
				TargetAttributes = {
					5985985D285B73DD00A51446 = {
						CreatedOnToolsVersion = 13.3.1;
					};
				};
			};
			buildConfigurationList = 59859859285B73DD00A51446 /* Build configuration list for PBXProject "RestaurantAPP" */;
			compatibilityVersion = "Xcode 13.0";
			developmentRegion = en;
			hasScannedForEncodings = 0;
			knownRegions = (
				en,
				Base,
			);
			mainGroup = 59859855285B73DD00A51446;
			productRefGroup = 5985985F285B73DD00A51446 /* Products */;
			projectDirPath = "";
			projectRoot = "";
			targets = (
				5985985D285B73DD00A51446 /* RestaurantAPP */,
			);
		};
/* End PBXProject section */

/* Begin PBXResourcesBuildPhase section */
		5985985C285B73DD00A51446 /* Resources */ = {
			isa = PBXResourcesBuildPhase;
			buildActionMask = 2147483647;
			files = (
				598598D0285BC90400A51446 /* RobotoCondensed-BoldItalic.ttf in Resources */,
				598598D9285BC90400A51446 /* Roboto-Bold.ttf in Resources */,
				5985986E285B73E200A51446 /* LaunchScreen.storyboard in Resources */,
				598598D6285BC90400A51446 /* Roboto-LightItalic.ttf in Resources */,
				598598D4285BC90400A51446 /* RobotoCondensed-Regular.ttf in Resources */,
				598598D5285BC90400A51446 /* Roboto-BoldItalic.ttf in Resources */,
				598598CD285BC90400A51446 /* Roboto-Regular.ttf in Resources */,
				598598D7285BC90400A51446 /* Roboto-Italic.ttf in Resources */,
				598598DA285BC90400A51446 /* Roboto-Thin.ttf in Resources */,
				598598CB285BC90400A51446 /* RobotoCondensed-Bold.ttf in Resources */,
				5985986B285B73E200A51446 /* Assets.xcassets in Resources */,
				598598DB285BC90400A51446 /* Roboto-Black.ttf in Resources */,
				598598CE285BC90400A51446 /* Roboto-MediumItalic.ttf in Resources */,
				598598D2285BC90400A51446 /* RobotoCondensed-LightItalic.ttf in Resources */,
				598598CF285BC90400A51446 /* RobotoCondensed-Italic.ttf in Resources */,
				598598CA285BC90400A51446 /* Roboto-Light.ttf in Resources */,
				598598D8285BC90400A51446 /* Roboto-BlackItalic.ttf in Resources */,
				598598CC285BC90400A51446 /* RobotoCondensed-Light.ttf in Resources */,
				598598D1285BC90400A51446 /* Apache License.txt in Resources */,
				598598C9285BC90400A51446 /* Roboto-Medium.ttf in Resources */,
				598598D3285BC90400A51446 /* Roboto-ThinItalic.ttf in Resources */,
			);
			runOnlyForDeploymentPostprocessing = 0;
		};
/* End PBXResourcesBuildPhase section */

/* Begin PBXShellScriptBuildPhase section */
		78551956878B8065F7C4DEA0 /* [CP] Embed Pods Frameworks */ = {
			isa = PBXShellScriptBuildPhase;
			buildActionMask = 2147483647;
			files = (
			);
			inputFileListPaths = (
				"${PODS_ROOT}/Target Support Files/Pods-RestaurantAPP/Pods-RestaurantAPP-frameworks-${CONFIGURATION}-input-files.xcfilelist",
			);
			name = "[CP] Embed Pods Frameworks";
			outputFileListPaths = (
				"${PODS_ROOT}/Target Support Files/Pods-RestaurantAPP/Pods-RestaurantAPP-frameworks-${CONFIGURATION}-output-files.xcfilelist",
			);
			runOnlyForDeploymentPostprocessing = 0;
			shellPath = /bin/sh;
			shellScript = "\"${PODS_ROOT}/Target Support Files/Pods-RestaurantAPP/Pods-RestaurantAPP-frameworks.sh\"\n";
			showEnvVarsInLog = 0;
		};
		BBBB1AABF91D29FEBFD40ACB /* [CP] Check Pods Manifest.lock */ = {
			isa = PBXShellScriptBuildPhase;
			buildActionMask = 2147483647;
			files = (
			);
			inputFileListPaths = (
			);
			inputPaths = (
				"${PODS_PODFILE_DIR_PATH}/Podfile.lock",
				"${PODS_ROOT}/Manifest.lock",
			);
			name = "[CP] Check Pods Manifest.lock";
			outputFileListPaths = (
			);
			outputPaths = (
				"$(DERIVED_FILE_DIR)/Pods-RestaurantAPP-checkManifestLockResult.txt",
			);
			runOnlyForDeploymentPostprocessing = 0;
			shellPath = /bin/sh;
			shellScript = "diff \"${PODS_PODFILE_DIR_PATH}/Podfile.lock\" \"${PODS_ROOT}/Manifest.lock\" > /dev/null\nif [ $? != 0 ] ; then\n    # print error to STDERR\n    echo \"error: The sandbox is not in sync with the Podfile.lock. Run 'pod install' or update your CocoaPods installation.\" >&2\n    exit 1\nfi\n# This output is used by Xcode 'outputs' to avoid re-running this script phase.\necho \"SUCCESS\" > \"${SCRIPT_OUTPUT_FILE_0}\"\n";
			showEnvVarsInLog = 0;
		};
/* End PBXShellScriptBuildPhase section */

/* Begin PBXSourcesBuildPhase section */
		5985985A285B73DD00A51446 /* Sources */ = {
			isa = PBXSourcesBuildPhase;
			buildActionMask = 2147483647;
			files = (
				59859866285B73DD00A51446 /* MenuViewController.swift in Sources */,
				59859862285B73DD00A51446 /* AppDelegate.swift in Sources */,
				59859876285B747D00A51446 /* MenuEditorPresenter.swift in Sources */,
				598BDF03285E0D0400D1C8C6 /* CustomTextField.swift in Sources */,
				598BDEFF285DB2FC00D1C8C6 /* CustomButtonBuilder.swift in Sources */,
				5985A07B285D3CE500779910 /* MenuEditorViewController.swift in Sources */,
				59859864285B73DD00A51446 /* SceneDelegate.swift in Sources */,
			);
			runOnlyForDeploymentPostprocessing = 0;
		};
/* End PBXSourcesBuildPhase section */

/* Begin PBXVariantGroup section */
		5985986C285B73E200A51446 /* LaunchScreen.storyboard */ = {
			isa = PBXVariantGroup;
			children = (
				5985986D285B73E200A51446 /* Base */,
			);
			name = LaunchScreen.storyboard;
			sourceTree = "<group>";
		};
/* End PBXVariantGroup section */

/* Begin XCBuildConfiguration section */
		59859870285B73E200A51446 /* Debug */ = {
			isa = XCBuildConfiguration;
			buildSettings = {
				ALWAYS_SEARCH_USER_PATHS = NO;
				CLANG_ANALYZER_NONNULL = YES;
				CLANG_ANALYZER_NUMBER_OBJECT_CONVERSION = YES_AGGRESSIVE;
				CLANG_CXX_LANGUAGE_STANDARD = "gnu++17";
				CLANG_ENABLE_MODULES = YES;
				CLANG_ENABLE_OBJC_ARC = YES;
				CLANG_ENABLE_OBJC_WEAK = YES;
				CLANG_WARN_BLOCK_CAPTURE_AUTORELEASING = YES;
				CLANG_WARN_BOOL_CONVERSION = YES;
				CLANG_WARN_COMMA = YES;
				CLANG_WARN_CONSTANT_CONVERSION = YES;
				CLANG_WARN_DEPRECATED_OBJC_IMPLEMENTATIONS = YES;
				CLANG_WARN_DIRECT_OBJC_ISA_USAGE = YES_ERROR;
				CLANG_WARN_DOCUMENTATION_COMMENTS = YES;
				CLANG_WARN_EMPTY_BODY = YES;
				CLANG_WARN_ENUM_CONVERSION = YES;
				CLANG_WARN_INFINITE_RECURSION = YES;
				CLANG_WARN_INT_CONVERSION = YES;
				CLANG_WARN_NON_LITERAL_NULL_CONVERSION = YES;
				CLANG_WARN_OBJC_IMPLICIT_RETAIN_SELF = YES;
				CLANG_WARN_OBJC_LITERAL_CONVERSION = YES;
				CLANG_WARN_OBJC_ROOT_CLASS = YES_ERROR;
				CLANG_WARN_QUOTED_INCLUDE_IN_FRAMEWORK_HEADER = YES;
				CLANG_WARN_RANGE_LOOP_ANALYSIS = YES;
				CLANG_WARN_STRICT_PROTOTYPES = YES;
				CLANG_WARN_SUSPICIOUS_MOVE = YES;
				CLANG_WARN_UNGUARDED_AVAILABILITY = YES_AGGRESSIVE;
				CLANG_WARN_UNREACHABLE_CODE = YES;
				CLANG_WARN__DUPLICATE_METHOD_MATCH = YES;
				COPY_PHASE_STRIP = NO;
				DEBUG_INFORMATION_FORMAT = dwarf;
				ENABLE_STRICT_OBJC_MSGSEND = YES;
				ENABLE_TESTABILITY = YES;
				GCC_C_LANGUAGE_STANDARD = gnu11;
				GCC_DYNAMIC_NO_PIC = NO;
				GCC_NO_COMMON_BLOCKS = YES;
				GCC_OPTIMIZATION_LEVEL = 0;
				GCC_PREPROCESSOR_DEFINITIONS = (
					"DEBUG=1",
					"$(inherited)",
				);
				GCC_WARN_64_TO_32_BIT_CONVERSION = YES;
				GCC_WARN_ABOUT_RETURN_TYPE = YES_ERROR;
				GCC_WARN_UNDECLARED_SELECTOR = YES;
				GCC_WARN_UNINITIALIZED_AUTOS = YES_AGGRESSIVE;
				GCC_WARN_UNUSED_FUNCTION = YES;
				GCC_WARN_UNUSED_VARIABLE = YES;
				IPHONEOS_DEPLOYMENT_TARGET = 15.4;
				MTL_ENABLE_DEBUG_INFO = INCLUDE_SOURCE;
				MTL_FAST_MATH = YES;
				ONLY_ACTIVE_ARCH = YES;
				SDKROOT = iphoneos;
				SWIFT_ACTIVE_COMPILATION_CONDITIONS = DEBUG;
				SWIFT_OPTIMIZATION_LEVEL = "-Onone";
			};
			name = Debug;
		};
		59859871285B73E200A51446 /* Release */ = {
			isa = XCBuildConfiguration;
			buildSettings = {
				ALWAYS_SEARCH_USER_PATHS = NO;
				CLANG_ANALYZER_NONNULL = YES;
				CLANG_ANALYZER_NUMBER_OBJECT_CONVERSION = YES_AGGRESSIVE;
				CLANG_CXX_LANGUAGE_STANDARD = "gnu++17";
				CLANG_ENABLE_MODULES = YES;
				CLANG_ENABLE_OBJC_ARC = YES;
				CLANG_ENABLE_OBJC_WEAK = YES;
				CLANG_WARN_BLOCK_CAPTURE_AUTORELEASING = YES;
				CLANG_WARN_BOOL_CONVERSION = YES;
				CLANG_WARN_COMMA = YES;
				CLANG_WARN_CONSTANT_CONVERSION = YES;
				CLANG_WARN_DEPRECATED_OBJC_IMPLEMENTATIONS = YES;
				CLANG_WARN_DIRECT_OBJC_ISA_USAGE = YES_ERROR;
				CLANG_WARN_DOCUMENTATION_COMMENTS = YES;
				CLANG_WARN_EMPTY_BODY = YES;
				CLANG_WARN_ENUM_CONVERSION = YES;
				CLANG_WARN_INFINITE_RECURSION = YES;
				CLANG_WARN_INT_CONVERSION = YES;
				CLANG_WARN_NON_LITERAL_NULL_CONVERSION = YES;
				CLANG_WARN_OBJC_IMPLICIT_RETAIN_SELF = YES;
				CLANG_WARN_OBJC_LITERAL_CONVERSION = YES;
				CLANG_WARN_OBJC_ROOT_CLASS = YES_ERROR;
				CLANG_WARN_QUOTED_INCLUDE_IN_FRAMEWORK_HEADER = YES;
				CLANG_WARN_RANGE_LOOP_ANALYSIS = YES;
				CLANG_WARN_STRICT_PROTOTYPES = YES;
				CLANG_WARN_SUSPICIOUS_MOVE = YES;
				CLANG_WARN_UNGUARDED_AVAILABILITY = YES_AGGRESSIVE;
				CLANG_WARN_UNREACHABLE_CODE = YES;
				CLANG_WARN__DUPLICATE_METHOD_MATCH = YES;
				COPY_PHASE_STRIP = NO;
				DEBUG_INFORMATION_FORMAT = "dwarf-with-dsym";
				ENABLE_NS_ASSERTIONS = NO;
				ENABLE_STRICT_OBJC_MSGSEND = YES;
				GCC_C_LANGUAGE_STANDARD = gnu11;
				GCC_NO_COMMON_BLOCKS = YES;
				GCC_WARN_64_TO_32_BIT_CONVERSION = YES;
				GCC_WARN_ABOUT_RETURN_TYPE = YES_ERROR;
				GCC_WARN_UNDECLARED_SELECTOR = YES;
				GCC_WARN_UNINITIALIZED_AUTOS = YES_AGGRESSIVE;
				GCC_WARN_UNUSED_FUNCTION = YES;
				GCC_WARN_UNUSED_VARIABLE = YES;
				IPHONEOS_DEPLOYMENT_TARGET = 15.4;
				MTL_ENABLE_DEBUG_INFO = NO;
				MTL_FAST_MATH = YES;
				SDKROOT = iphoneos;
				SWIFT_COMPILATION_MODE = wholemodule;
				SWIFT_OPTIMIZATION_LEVEL = "-O";
				VALIDATE_PRODUCT = YES;
			};
			name = Release;
		};
		59859873285B73E200A51446 /* Debug */ = {
			isa = XCBuildConfiguration;
			baseConfigurationReference = 8FBCFD4B687A52750A9304FC /* Pods-RestaurantAPP.debug.xcconfig */;
			buildSettings = {
				ASSETCATALOG_COMPILER_APPICON_NAME = AppIcon;
				ASSETCATALOG_COMPILER_GLOBAL_ACCENT_COLOR_NAME = AccentColor;
				CODE_SIGN_STYLE = Automatic;
				CURRENT_PROJECT_VERSION = 1;
				DEVELOPMENT_TEAM = 7DF45VLQ6Z;
				GENERATE_INFOPLIST_FILE = YES;
				INFOPLIST_FILE = RestaurantAPP/Info.plist;
				INFOPLIST_KEY_UIApplicationSupportsIndirectInputEvents = YES;
				INFOPLIST_KEY_UILaunchStoryboardName = LaunchScreen;
				INFOPLIST_KEY_UISupportedInterfaceOrientations = "UIInterfaceOrientationLandscapeLeft UIInterfaceOrientationLandscapeRight";
				INFOPLIST_KEY_UISupportedInterfaceOrientations_iPad = "UIInterfaceOrientationLandscapeLeft UIInterfaceOrientationLandscapeRight";
				INFOPLIST_KEY_UISupportedInterfaceOrientations_iPhone = "UIInterfaceOrientationPortrait UIInterfaceOrientationLandscapeLeft UIInterfaceOrientationLandscapeRight";
				IPHONEOS_DEPLOYMENT_TARGET = 15.0;
				LD_RUNPATH_SEARCH_PATHS = (
					"$(inherited)",
					"@executable_path/Frameworks",
				);
				MARKETING_VERSION = 1.0.0;
				PRODUCT_BUNDLE_IDENTIFIER = denmagg.RestaurantAPP;
				PRODUCT_NAME = "$(TARGET_NAME)";
				SWIFT_EMIT_LOC_STRINGS = YES;
				SWIFT_VERSION = 5.0;
				TARGETED_DEVICE_FAMILY = "1,2";
			};
			name = Debug;
		};
		59859874285B73E200A51446 /* Release */ = {
			isa = XCBuildConfiguration;
			baseConfigurationReference = FB686FE6299807F04D40FF26 /* Pods-RestaurantAPP.release.xcconfig */;
			buildSettings = {
				ASSETCATALOG_COMPILER_APPICON_NAME = AppIcon;
				ASSETCATALOG_COMPILER_GLOBAL_ACCENT_COLOR_NAME = AccentColor;
				CODE_SIGN_STYLE = Automatic;
				CURRENT_PROJECT_VERSION = 1;
				DEVELOPMENT_TEAM = 7DF45VLQ6Z;
				GENERATE_INFOPLIST_FILE = YES;
				INFOPLIST_FILE = RestaurantAPP/Info.plist;
				INFOPLIST_KEY_UIApplicationSupportsIndirectInputEvents = YES;
				INFOPLIST_KEY_UILaunchStoryboardName = LaunchScreen;
				INFOPLIST_KEY_UISupportedInterfaceOrientations = "UIInterfaceOrientationLandscapeLeft UIInterfaceOrientationLandscapeRight";
				INFOPLIST_KEY_UISupportedInterfaceOrientations_iPad = "UIInterfaceOrientationLandscapeLeft UIInterfaceOrientationLandscapeRight";
				INFOPLIST_KEY_UISupportedInterfaceOrientations_iPhone = "UIInterfaceOrientationPortrait UIInterfaceOrientationLandscapeLeft UIInterfaceOrientationLandscapeRight";
				IPHONEOS_DEPLOYMENT_TARGET = 15.0;
				LD_RUNPATH_SEARCH_PATHS = (
					"$(inherited)",
					"@executable_path/Frameworks",
				);
				MARKETING_VERSION = 1.0.0;
				PRODUCT_BUNDLE_IDENTIFIER = denmagg.RestaurantAPP;
				PRODUCT_NAME = "$(TARGET_NAME)";
				SWIFT_EMIT_LOC_STRINGS = YES;
				SWIFT_VERSION = 5.0;
				TARGETED_DEVICE_FAMILY = "1,2";
			};
			name = Release;
		};
/* End XCBuildConfiguration section */

/* Begin XCConfigurationList section */
		59859859285B73DD00A51446 /* Build configuration list for PBXProject "RestaurantAPP" */ = {
			isa = XCConfigurationList;
			buildConfigurations = (
				59859870285B73E200A51446 /* Debug */,
				59859871285B73E200A51446 /* Release */,
			);
			defaultConfigurationIsVisible = 0;
			defaultConfigurationName = Release;
		};
		59859872285B73E200A51446 /* Build configuration list for PBXNativeTarget "RestaurantAPP" */ = {
			isa = XCConfigurationList;
			buildConfigurations = (
				59859873285B73E200A51446 /* Debug */,
				59859874285B73E200A51446 /* Release */,
			);
			defaultConfigurationIsVisible = 0;
			defaultConfigurationName = Release;
		};
/* End XCConfigurationList section */
	};
	rootObject = 59859856285B73DD00A51446 /* Project object */;
}
